
Microsoft Visual Studio Solution File, Format Version 12.00
# Visual Studio Version 17
VisualStudioVersion = 17.6.33723.286
MinimumVisualStudioVersion = 10.0.40219.1
Project("{FAE04EC0-301F-11D3-BF4B-00C04F79EFBC}") = "WindowsFormsApp7", "WindowsFormsApp7.csproj", "{D568483D-DAA1-4551-8A67-8267E78299CF}"
EndProject
Global
	GlobalSection(SolutionConfigurationPlatforms) = preSolution
		Debug|Any CPU = Debug|Any CPU
		Release|Any CPU = Release|Any CPU
	EndGlobalSection
	GlobalSection(ProjectConfigurationPlatforms) = postSolution
		{D568483D-DAA1-4551-8A67-8267E78299CF}.Debug|Any CPU.ActiveCfg = Debug|Any CPU
		{D568483D-DAA1-4551-8A67-8267E78299CF}.Debug|Any CPU.Build.0 = Debug|Any CPU
		{D568483D-DAA1-4551-8A67-8267E78299CF}.Release|Any CPU.ActiveCfg = Release|Any CPU
		{D568483D-DAA1-4551-8A67-8267E78299CF}.Release|Any CPU.Build.0 = Release|Any CPU
	EndGlobalSection
	GlobalSection(SolutionProperties) = preSolution
		HideSolutionNode = FALSE
	EndGlobalSection
	GlobalSection(ExtensibilityGlobals) = postSolution
		SolutionGuid = {042027D5-6ADF-40A2-B0B7-29038F869A96}
	EndGlobalSection
EndGlobal
